{
  "name": "client",
  "lockfileVersion": 3,
  "requires": true,
  "packages": {
    "": {
      "dependencies": {
        "@atcute/lex-cli": "^2.1.1"
      }
    },
    "node_modules/@atcute/lex-cli": {
      "version": "2.1.1",
      "resolved": "https://registry.npmjs.org/@atcute/lex-cli/-/lex-cli-2.1.1.tgz",
      "integrity": "sha512-QaR0sOP8Z24opGHKsSfleDbP/ahUb6HECkVaOqSwG7ORZzbLK1w0265o1BRjCVr2dT6FxlsMUa2Ge85JMA9bxg==",
      "license": "0BSD",
      "dependencies": {
        "@atcute/lexicon-doc": "^1.0.2",
        "@badrap/valita": "^0.4.5",
        "@externdefs/collider": "^0.3.0",
        "picocolors": "^1.1.1",
        "prettier": "^3.5.3"
      },
      "bin": {
        "lex-cli": "cli.mjs"
      }
    },
    "node_modules/@atcute/lexicon-doc": {
      "version": "1.0.3",
      "resolved": "https://registry.npmjs.org/@atcute/lexicon-doc/-/lexicon-doc-1.0.3.tgz",
      "integrity": "sha512-U7rinsTOwXGGcrF6/s7GzTXargcQpDr4BTrj5ci/XTK+POEK5jpcI+Ag1fF932pBX3k97em6y4TWwTSO8M/McQ==",
      "license": "0BSD",
      "dependencies": {
        "@badrap/valita": "^0.4.5"
      }
    },
    "node_modules/@badrap/valita": {
      "version": "0.4.6",
      "resolved": "https://registry.npmjs.org/@badrap/valita/-/valita-0.4.6.tgz",
      "integrity": "sha512-4kdqcjyxo/8RQ8ayjms47HCWZIF5981oE5nIenbfThKDxWXtEHKipAOWlflpPJzZx9y/JWYQkp18Awr7VuepFg==",
      "license": "MIT",
      "engines": {
        "node": ">= 18"
      }
    },
    "node_modules/@externdefs/collider": {
      "version": "0.3.0",
      "resolved": "https://registry.npmjs.org/@externdefs/collider/-/collider-0.3.0.tgz",
      "integrity": "sha512-x5CpeZ4c8n+1wMFthUMWSQKqCGcQo52/Qbda5ES+JFRRg/D8Ep6/JOvUUq5HExFuv/wW+6UYG2U/mXzw0IAd8Q==",
      "license": "MIT",
      "peerDependencies": {
        "@badrap/valita": "^0.4.4"
      }
    },
    "node_modules/picocolors": {
      "version": "1.1.1",
      "resolved": "https://registry.npmjs.org/picocolors/-/picocolors-1.1.1.tgz",
      "integrity": "sha512-xceH2snhtb5M9liqDsmEw56le376mTZkEX/jEb/RxNFyegNul7eNslCXP9FDj/Lcu0X8KEyMceP2ntpaHrDEVA==",
      "license": "ISC"
    },
    "node_modules/prettier": {
      "version": "3.6.2",
      "resolved": "https://registry.npmjs.org/prettier/-/prettier-3.6.2.tgz",
      "integrity": "sha512-I7AIg5boAr5R0FFtJ6rCfD+LFsWHp81dolrFD8S79U9tb8Az2nGrJncnMSnys+bpQJfRUzqs9hnA81OAA3hCuQ==",
      "license": "MIT",
      "bin": {
        "prettier": "bin/prettier.cjs"
      },
      "engines": {
        "node": ">=14"
      },
      "funding": {
        "url": "https://github.com/prettier/prettier?sponsor=1"
      }
    }
  }
}
